
Microsoft Visual Studio Solution File, Format Version 12.00
# Visual Studio Version 17
VisualStudioVersion = 17.11.35312.102
MinimumVisualStudioVersion = 10.0.40219.1
Project("{9A19103F-16F7-4668-BE54-9A1E7A4F7556}") = "Week6StringsAndArrays", "Week6StringsAndArrays\Week6StringsAndArrays.csproj", "{2C4A10EF-29E8-4A67-BA04-1C818EF1FE23}"
EndProject
Project("{FAE04EC0-301F-11D3-BF4B-00C04F79EFBC}") = "Arrays", "Arrays\Arrays.csproj", "{3A6246B3-BD15-41EE-874A-5F76FEB7DB95}"
EndProject
Global
	GlobalSection(SolutionConfigurationPlatforms) = preSolution
		Debug|Any CPU = Debug|Any CPU
		Release|Any CPU = Release|Any CPU
	EndGlobalSection
	GlobalSection(ProjectConfigurationPlatforms) = postSolution
		{2C4A10EF-29E8-4A67-BA04-1C818EF1FE23}.Debug|Any CPU.ActiveCfg = Debug|Any CPU
		{2C4A10EF-29E8-4A67-BA04-1C818EF1FE23}.Debug|Any CPU.Build.0 = Debug|Any CPU
		{2C4A10EF-29E8-4A67-BA04-1C818EF1FE23}.Release|Any CPU.ActiveCfg = Release|Any CPU
		{2C4A10EF-29E8-4A67-BA04-1C818EF1FE23}.Release|Any CPU.Build.0 = Release|Any CPU
		{3A6246B3-BD15-41EE-874A-5F76FEB7DB95}.Debug|Any CPU.ActiveCfg = Debug|Any CPU
		{3A6246B3-BD15-41EE-874A-5F76FEB7DB95}.Debug|Any CPU.Build.0 = Debug|Any CPU
		{3A6246B3-BD15-41EE-874A-5F76FEB7DB95}.Release|Any CPU.ActiveCfg = Release|Any CPU
		{3A6246B3-BD15-41EE-874A-5F76FEB7DB95}.Release|Any CPU.Build.0 = Release|Any CPU
	EndGlobalSection
	GlobalSection(SolutionProperties) = preSolution
		HideSolutionNode = FALSE
	EndGlobalSection
	GlobalSection(ExtensibilityGlobals) = postSolution
		SolutionGuid = {1E8A802B-5352-46B7-8158-ECD1EC99BAD8}
	EndGlobalSection
EndGlobal
